
Microsoft Visual Studio Solution File, Format Version 12.00
# Visual Studio Version 17
VisualStudioVersion = 17.1.32421.90
MinimumVisualStudioVersion = 10.0.40219.1
Project("{FAE04EC0-301F-11D3-BF4B-00C04F79EFBC}") = "SouldiersTweaks", "SouldiersTweaks\SouldiersTweaks.csproj", "{F0D6550E-142F-4D37-AE10-D58689EB4653}"
EndProject
Project("{2150E333-8FDC-42A3-9474-1A3956D46DE8}") = "Solution Items", "Solution Items", "{A0E50B54-F952-409A-9670-D855185E4F51}"
EndProject
Global
	GlobalSection(SolutionConfigurationPlatforms) = preSolution
		Debug|Any CPU = Debug|Any CPU
		Release|Any CPU = Release|Any CPU
	EndGlobalSection
	GlobalSection(ProjectConfigurationPlatforms) = postSolution
		{F0D6550E-142F-4D37-AE10-D58689EB4653}.Debug|Any CPU.ActiveCfg = Debug|Any CPU
		{F0D6550E-142F-4D37-AE10-D58689EB4653}.Debug|Any CPU.Build.0 = Debug|Any CPU
		{F0D6550E-142F-4D37-AE10-D58689EB4653}.Release|Any CPU.ActiveCfg = Release|Any CPU
		{F0D6550E-142F-4D37-AE10-D58689EB4653}.Release|Any CPU.Build.0 = Release|Any CPU
	EndGlobalSection
	GlobalSection(SolutionProperties) = preSolution
		HideSolutionNode = FALSE
	EndGlobalSection
	GlobalSection(ExtensibilityGlobals) = postSolution
		SolutionGuid = {73696D27-AC6C-4291-9D86-0418BFA57878}
	EndGlobalSection
EndGlobal
